
Microsoft Visual Studio Solution File, Format Version 12.00
# Visual Studio Version 17
VisualStudioVersion = 17.0.31912.275
MinimumVisualStudioVersion = 10.0.40219.1
Project("{2150E333-8FDC-42A3-9474-1A3956D46DE8}") = "Services", "Services", "{C7467412-2CAC-4464-AE76-981E09FB660B}"
EndProject
Project("{2150E333-8FDC-42A3-9474-1A3956D46DE8}") = "Catalog", "Catalog", "{197770E7-5DE0-483B-B730-E5D14461D000}"
EndProject
Project("{9A19103F-16F7-4668-BE54-9A1E7A4F7556}") = "Catalog.API", "Services\Catalog\Catalog.API\Catalog.API.csproj", "{0D049334-2947-4487-B278-E3C05E330433}"
EndProject
Project("{E53339B2-1760-4266-BCC7-CA923CBCF16C}") = "docker-compose", "docker-compose.dcproj", "{0E743E72-D08F-40EC-931D-55D890E445B7}"
EndProject
Project("{2150E333-8FDC-42A3-9474-1A3956D46DE8}") = "Basket", "Basket", "{55C4BA07-FCA0-4AA4-8799-6C9964D49FFF}"
EndProject
Project("{9A19103F-16F7-4668-BE54-9A1E7A4F7556}") = "Basket.API", "Services\Basket\Basket.API\Basket.API.csproj", "{6A728F0F-4E38-4683-A9E8-69EBC11B76D9}"
EndProject
Project("{2150E333-8FDC-42A3-9474-1A3956D46DE8}") = "Discount", "Discount", "{913220C7-37DC-456F-962B-615624C2DF25}"
EndProject
Project("{FAE04EC0-301F-11D3-BF4B-00C04F79EFBC}") = "Discount.API", "Services\Discount\Discount.API\Discount.API.csproj", "{E296ED92-2098-4E04-BFB4-2B8EFCF80365}"
EndProject
Global
	GlobalSection(SolutionConfigurationPlatforms) = preSolution
		Debug|Any CPU = Debug|Any CPU
		Release|Any CPU = Release|Any CPU
	EndGlobalSection
	GlobalSection(ProjectConfigurationPlatforms) = postSolution
		{0D049334-2947-4487-B278-E3C05E330433}.Debug|Any CPU.ActiveCfg = Debug|Any CPU
		{0D049334-2947-4487-B278-E3C05E330433}.Debug|Any CPU.Build.0 = Debug|Any CPU
		{0D049334-2947-4487-B278-E3C05E330433}.Release|Any CPU.ActiveCfg = Release|Any CPU
		{0D049334-2947-4487-B278-E3C05E330433}.Release|Any CPU.Build.0 = Release|Any CPU
		{0E743E72-D08F-40EC-931D-55D890E445B7}.Debug|Any CPU.ActiveCfg = Debug|Any CPU
		{0E743E72-D08F-40EC-931D-55D890E445B7}.Debug|Any CPU.Build.0 = Debug|Any CPU
		{0E743E72-D08F-40EC-931D-55D890E445B7}.Release|Any CPU.ActiveCfg = Release|Any CPU
		{0E743E72-D08F-40EC-931D-55D890E445B7}.Release|Any CPU.Build.0 = Release|Any CPU
		{6A728F0F-4E38-4683-A9E8-69EBC11B76D9}.Debug|Any CPU.ActiveCfg = Debug|Any CPU
		{6A728F0F-4E38-4683-A9E8-69EBC11B76D9}.Debug|Any CPU.Build.0 = Debug|Any CPU
		{6A728F0F-4E38-4683-A9E8-69EBC11B76D9}.Release|Any CPU.ActiveCfg = Release|Any CPU
		{6A728F0F-4E38-4683-A9E8-69EBC11B76D9}.Release|Any CPU.Build.0 = Release|Any CPU
		{E296ED92-2098-4E04-BFB4-2B8EFCF80365}.Debug|Any CPU.ActiveCfg = Debug|Any CPU
		{E296ED92-2098-4E04-BFB4-2B8EFCF80365}.Debug|Any CPU.Build.0 = Debug|Any CPU
		{E296ED92-2098-4E04-BFB4-2B8EFCF80365}.Release|Any CPU.ActiveCfg = Release|Any CPU
		{E296ED92-2098-4E04-BFB4-2B8EFCF80365}.Release|Any CPU.Build.0 = Release|Any CPU
	EndGlobalSection
	GlobalSection(SolutionProperties) = preSolution
		HideSolutionNode = FALSE
	EndGlobalSection
	GlobalSection(NestedProjects) = preSolution
		{197770E7-5DE0-483B-B730-E5D14461D000} = {C7467412-2CAC-4464-AE76-981E09FB660B}
		{0D049334-2947-4487-B278-E3C05E330433} = {197770E7-5DE0-483B-B730-E5D14461D000}
		{55C4BA07-FCA0-4AA4-8799-6C9964D49FFF} = {C7467412-2CAC-4464-AE76-981E09FB660B}
		{6A728F0F-4E38-4683-A9E8-69EBC11B76D9} = {55C4BA07-FCA0-4AA4-8799-6C9964D49FFF}
		{913220C7-37DC-456F-962B-615624C2DF25} = {C7467412-2CAC-4464-AE76-981E09FB660B}
		{E296ED92-2098-4E04-BFB4-2B8EFCF80365} = {913220C7-37DC-456F-962B-615624C2DF25}
	EndGlobalSection
	GlobalSection(ExtensibilityGlobals) = postSolution
		SolutionGuid = {4135A3CD-B0FD-40F5-87F6-8EEE2E81CBC2}
	EndGlobalSection
EndGlobal
