
Microsoft Visual Studio Solution File, Format Version 12.00
# Visual Studio Version 17
VisualStudioVersion = 17.0.31912.275
MinimumVisualStudioVersion = 10.0.40219.1
Project("{2150E333-8FDC-42A3-9474-1A3956D46DE8}") = "Services", "Services", "{C7467412-2CAC-4464-AE76-981E09FB660B}"
EndProject
Project("{2150E333-8FDC-42A3-9474-1A3956D46DE8}") = "Catalog", "Catalog", "{197770E7-5DE0-483B-B730-E5D14461D000}"
EndProject
Project("{FAE04EC0-301F-11D3-BF4B-00C04F79EFBC}") = "Catalog.API", "Services\Catalog\Catalog.API\Catalog.API.csproj", "{0D049334-2947-4487-B278-E3C05E330433}"
EndProject
Global
	GlobalSection(SolutionConfigurationPlatforms) = preSolution
		Debug|Any CPU = Debug|Any CPU
		Release|Any CPU = Release|Any CPU
	EndGlobalSection
	GlobalSection(ProjectConfigurationPlatforms) = postSolution
		{0D049334-2947-4487-B278-E3C05E330433}.Debug|Any CPU.ActiveCfg = Debug|Any CPU
		{0D049334-2947-4487-B278-E3C05E330433}.Debug|Any CPU.Build.0 = Debug|Any CPU
		{0D049334-2947-4487-B278-E3C05E330433}.Release|Any CPU.ActiveCfg = Release|Any CPU
		{0D049334-2947-4487-B278-E3C05E330433}.Release|Any CPU.Build.0 = Release|Any CPU
	EndGlobalSection
	GlobalSection(SolutionProperties) = preSolution
		HideSolutionNode = FALSE
	EndGlobalSection
	GlobalSection(NestedProjects) = preSolution
		{197770E7-5DE0-483B-B730-E5D14461D000} = {C7467412-2CAC-4464-AE76-981E09FB660B}
		{0D049334-2947-4487-B278-E3C05E330433} = {197770E7-5DE0-483B-B730-E5D14461D000}
	EndGlobalSection
	GlobalSection(ExtensibilityGlobals) = postSolution
		SolutionGuid = {4135A3CD-B0FD-40F5-87F6-8EEE2E81CBC2}
	EndGlobalSection
EndGlobal
